
Microsoft Visual Studio Solution File, Format Version 12.00
# Visual Studio Version 16
VisualStudioVersion = 16.0.30907.101
MinimumVisualStudioVersion = 10.0.40219.1
Project("{9A19103F-16F7-4668-BE54-9A1E7A4F7556}") = "Catalog.API", "Catalog.API\Catalog.API.csproj", "{E8F27477-E7E9-4A37-9BE1-F1A67AEA5217}"
	ProjectSection(ProjectDependencies) = postProject
		{C77F1314-7706-46BC-AFD8-A5484822CAAB} = {C77F1314-7706-46BC-AFD8-A5484822CAAB}
	EndProjectSection
EndProject
Project("{9A19103F-16F7-4668-BE54-9A1E7A4F7556}") = "Catalog.Domain", "Catalog.Domain\Catalog.Domain.csproj", "{33D85928-F2D0-4BB4-AE28-E6DAF9D298C7}"
EndProject
Project("{FAE04EC0-301F-11D3-BF4B-00C04F79EFBC}") = "Catalog.Infrastructure", "Catalog.Infrastructure\Catalog.Infrastructure.csproj", "{C77F1314-7706-46BC-AFD8-A5484822CAAB}"
EndProject
Global
	GlobalSection(SolutionConfigurationPlatforms) = preSolution
		Debug|Any CPU = Debug|Any CPU
		Release|Any CPU = Release|Any CPU
	EndGlobalSection
	GlobalSection(ProjectConfigurationPlatforms) = postSolution
		{E8F27477-E7E9-4A37-9BE1-F1A67AEA5217}.Debug|Any CPU.ActiveCfg = Debug|Any CPU
		{E8F27477-E7E9-4A37-9BE1-F1A67AEA5217}.Debug|Any CPU.Build.0 = Debug|Any CPU
		{E8F27477-E7E9-4A37-9BE1-F1A67AEA5217}.Release|Any CPU.ActiveCfg = Release|Any CPU
		{E8F27477-E7E9-4A37-9BE1-F1A67AEA5217}.Release|Any CPU.Build.0 = Release|Any CPU
		{33D85928-F2D0-4BB4-AE28-E6DAF9D298C7}.Debug|Any CPU.ActiveCfg = Debug|Any CPU
		{33D85928-F2D0-4BB4-AE28-E6DAF9D298C7}.Debug|Any CPU.Build.0 = Debug|Any CPU
		{33D85928-F2D0-4BB4-AE28-E6DAF9D298C7}.Release|Any CPU.ActiveCfg = Release|Any CPU
		{33D85928-F2D0-4BB4-AE28-E6DAF9D298C7}.Release|Any CPU.Build.0 = Release|Any CPU
		{C77F1314-7706-46BC-AFD8-A5484822CAAB}.Debug|Any CPU.ActiveCfg = Debug|Any CPU
		{C77F1314-7706-46BC-AFD8-A5484822CAAB}.Debug|Any CPU.Build.0 = Debug|Any CPU
		{C77F1314-7706-46BC-AFD8-A5484822CAAB}.Release|Any CPU.ActiveCfg = Release|Any CPU
		{C77F1314-7706-46BC-AFD8-A5484822CAAB}.Release|Any CPU.Build.0 = Release|Any CPU
	EndGlobalSection
	GlobalSection(SolutionProperties) = preSolution
		HideSolutionNode = FALSE
	EndGlobalSection
	GlobalSection(ExtensibilityGlobals) = postSolution
		SolutionGuid = {8B692029-6F32-40D0-B02F-DA648FB72839}
	EndGlobalSection
EndGlobal
